{
  "pins" : [
    {
      "identity" : "activityindicatorview",
      "kind" : "remoteSourceControl",
      "location" : "https://github.com/exyte/ActivityIndicatorView.git",
      "state" : {
        "revision" : "9970fd0bb7a05dad0b6566ae1f56937716686b24",
        "version" : "1.1.1"
      }
    },
    {
      "identity" : "collectionstack-swiftui",
      "kind" : "remoteSourceControl",
      "location" : "https://github.com/hitendradeveloper/CollectionStack-SwiftUI",
      "state" : {
        "branch" : "main",
        "revision" : "d4c9a91fce3755d051af9e4cbe7ccb8c4ebd1bd8"
      }
    }
  ],
  "version" : 2
}
